
Microsoft Visual Studio Solution File, Format Version 12.00
# Visual Studio Version 17
VisualStudioVersion = 17.4.33213.308
MinimumVisualStudioVersion = 10.0.40219.1
Project("{2150E333-8FDC-42A3-9474-1A3956D46DE8}") = "src", "src", "{58E8143E-86D8-4CA3-AAC3-1CF253D91207}"
EndProject
Project("{2150E333-8FDC-42A3-9474-1A3956D46DE8}") = "test", "test", "{93AD624B-85A6-4EE9-B40E-42914D40C0CF}"
EndProject
Project("{FAE04EC0-301F-11D3-BF4B-00C04F79EFBC}") = "Microsoft.AspNet.SessionState.SqlSessionStateProviderAsync", "src\SqlSessionStateProviderAsync\Microsoft.AspNet.SessionState.SqlSessionStateProviderAsync.csproj", "{493B0482-572A-4465-BD52-4094351C2647}"
EndProject
Project("{FAE04EC0-301F-11D3-BF4B-00C04F79EFBC}") = "Microsoft.AspNet.SessionState.CosmosDBSessionStateProviderAsync", "src\CosmosDBSessionStateProviderAsync\Microsoft.AspNet.SessionState.CosmosDBSessionStateProviderAsync.csproj", "{4CFB2896-D5C1-4E96-A3DA-D57C58539209}"
EndProject
Project("{FAE04EC0-301F-11D3-BF4B-00C04F79EFBC}") = "Microsoft.AspNet.SessionState.SessionStateModule", "src\SessionStateModule\Microsoft.AspNet.SessionState.SessionStateModule.csproj", "{7238F90D-3BCE-4F40-A5BA-EA36AD484BD6}"
EndProject
Project("{FAE04EC0-301F-11D3-BF4B-00C04F79EFBC}") = "Microsoft.AspNet.SessionState.SqlSessionStateProviderAsync.Test", "test\Microsoft.AspNet.SessionState.SqlSessionStateProviderAsync.Test\Microsoft.AspNet.SessionState.SqlSessionStateProviderAsync.Test.csproj", "{CBB00B6C-8A44-43F0-BE73-0B0E8565F8A2}"
EndProject
Project("{FAE04EC0-301F-11D3-BF4B-00C04F79EFBC}") = "Microsoft.AspNet.SessionState.CosmosDBSessionStateProviderAsync.Test", "test\Microsoft.AspNet.SessionState.CosmosDBSessionStateProviderAsync.Test\Microsoft.AspNet.SessionState.CosmosDBSessionStateProviderAsync.Test.csproj", "{2AF89ACA-3545-432D-8D99-C5230E8643A8}"
EndProject
Project("{2150E333-8FDC-42A3-9474-1A3956D46DE8}") = "SolutionItems", "SolutionItems", "{78F4C27F-37B4-4D27-B198-F601359EC691}"
	ProjectSection(SolutionItems) = preProject
		tools\CosmosDBSessionStateProviderAsync.settings.targets = tools\CosmosDBSessionStateProviderAsync.settings.targets
		tools\MicrosoftAspNetSessionState.settings.targets = tools\MicrosoftAspNetSessionState.settings.targets
		tools\SessionStateModule.settings.targets = tools\SessionStateModule.settings.targets
		tools\SqlSessionStateProviderAsync.settings.targets = tools\SqlSessionStateProviderAsync.settings.targets
		tools\version.targets = tools\version.targets
	EndProjectSection
EndProject
Project("{FAE04EC0-301F-11D3-BF4B-00C04F79EFBC}") = "Packages", "src\packages\Packages.csproj", "{7EC5863F-7FF1-41C7-A384-8FFF81531E7A}"
	ProjectSection(ProjectDependencies) = postProject
		{7238F90D-3BCE-4F40-A5BA-EA36AD484BD6} = {7238F90D-3BCE-4F40-A5BA-EA36AD484BD6}
		{493B0482-572A-4465-BD52-4094351C2647} = {493B0482-572A-4465-BD52-4094351C2647}
		{4CFB2896-D5C1-4E96-A3DA-D57C58539209} = {4CFB2896-D5C1-4E96-A3DA-D57C58539209}
	EndProjectSection
EndProject
Project("{2150E333-8FDC-42A3-9474-1A3956D46DE8}") = "docs", "docs", "{3626D7CE-EDDB-4B2A-83E1-A1B69FDB874A}"
	ProjectSection(SolutionItems) = preProject
		docs\CosmosDBSessionStateProviderAsync.md = docs\CosmosDBSessionStateProviderAsync.md
		Readme.md = Readme.md
		docs\SessionStateModule.md = docs\SessionStateModule.md
		docs\SqlSessionStateProviderAsync.md = docs\SqlSessionStateProviderAsync.md
	EndProjectSection
EndProject
Global
	GlobalSection(SolutionConfigurationPlatforms) = preSolution
		Debug|Any CPU = Debug|Any CPU
		Release|Any CPU = Release|Any CPU
	EndGlobalSection
	GlobalSection(ProjectConfigurationPlatforms) = postSolution
		{493B0482-572A-4465-BD52-4094351C2647}.Debug|Any CPU.ActiveCfg = Debug|Any CPU
		{493B0482-572A-4465-BD52-4094351C2647}.Debug|Any CPU.Build.0 = Debug|Any CPU
		{493B0482-572A-4465-BD52-4094351C2647}.Release|Any CPU.ActiveCfg = Release|Any CPU
		{493B0482-572A-4465-BD52-4094351C2647}.Release|Any CPU.Build.0 = Release|Any CPU
		{4CFB2896-D5C1-4E96-A3DA-D57C58539209}.Debug|Any CPU.ActiveCfg = Debug|Any CPU
		{4CFB2896-D5C1-4E96-A3DA-D57C58539209}.Debug|Any CPU.Build.0 = Debug|Any CPU
		{4CFB2896-D5C1-4E96-A3DA-D57C58539209}.Release|Any CPU.ActiveCfg = Release|Any CPU
		{4CFB2896-D5C1-4E96-A3DA-D57C58539209}.Release|Any CPU.Build.0 = Release|Any CPU
		{7238F90D-3BCE-4F40-A5BA-EA36AD484BD6}.Debug|Any CPU.ActiveCfg = Debug|Any CPU
		{7238F90D-3BCE-4F40-A5BA-EA36AD484BD6}.Debug|Any CPU.Build.0 = Debug|Any CPU
		{7238F90D-3BCE-4F40-A5BA-EA36AD484BD6}.Release|Any CPU.ActiveCfg = Release|Any CPU
		{7238F90D-3BCE-4F40-A5BA-EA36AD484BD6}.Release|Any CPU.Build.0 = Release|Any CPU
		{CBB00B6C-8A44-43F0-BE73-0B0E8565F8A2}.Debug|Any CPU.ActiveCfg = Debug|Any CPU
		{CBB00B6C-8A44-43F0-BE73-0B0E8565F8A2}.Debug|Any CPU.Build.0 = Debug|Any CPU
		{CBB00B6C-8A44-43F0-BE73-0B0E8565F8A2}.Release|Any CPU.ActiveCfg = Release|Any CPU
		{CBB00B6C-8A44-43F0-BE73-0B0E8565F8A2}.Release|Any CPU.Build.0 = Release|Any CPU
		{2AF89ACA-3545-432D-8D99-C5230E8643A8}.Debug|Any CPU.ActiveCfg = Debug|Any CPU
		{2AF89ACA-3545-432D-8D99-C5230E8643A8}.Debug|Any CPU.Build.0 = Debug|Any CPU
		{2AF89ACA-3545-432D-8D99-C5230E8643A8}.Release|Any CPU.ActiveCfg = Release|Any CPU
		{2AF89ACA-3545-432D-8D99-C5230E8643A8}.Release|Any CPU.Build.0 = Release|Any CPU
		{7EC5863F-7FF1-41C7-A384-8FFF81531E7A}.Debug|Any CPU.ActiveCfg = Debug|Any CPU
		{7EC5863F-7FF1-41C7-A384-8FFF81531E7A}.Debug|Any CPU.Build.0 = Debug|Any CPU
		{7EC5863F-7FF1-41C7-A384-8FFF81531E7A}.Release|Any CPU.ActiveCfg = Release|Any CPU
		{7EC5863F-7FF1-41C7-A384-8FFF81531E7A}.Release|Any CPU.Build.0 = Release|Any CPU
	EndGlobalSection
	GlobalSection(SolutionProperties) = preSolution
		HideSolutionNode = FALSE
	EndGlobalSection
	GlobalSection(NestedProjects) = preSolution
		{493B0482-572A-4465-BD52-4094351C2647} = {58E8143E-86D8-4CA3-AAC3-1CF253D91207}
		{4CFB2896-D5C1-4E96-A3DA-D57C58539209} = {58E8143E-86D8-4CA3-AAC3-1CF253D91207}
		{7238F90D-3BCE-4F40-A5BA-EA36AD484BD6} = {58E8143E-86D8-4CA3-AAC3-1CF253D91207}
		{CBB00B6C-8A44-43F0-BE73-0B0E8565F8A2} = {93AD624B-85A6-4EE9-B40E-42914D40C0CF}
		{2AF89ACA-3545-432D-8D99-C5230E8643A8} = {93AD624B-85A6-4EE9-B40E-42914D40C0CF}
		{7EC5863F-7FF1-41C7-A384-8FFF81531E7A} = {58E8143E-86D8-4CA3-AAC3-1CF253D91207}
	EndGlobalSection
	GlobalSection(ExtensibilityGlobals) = postSolution
		SolutionGuid = {4853AD21-0DCE-40D8-A3B9-19081B71C364}
	EndGlobalSection
EndGlobal
